
Microsoft Visual Studio Solution File, Format Version 12.00
# Visual Studio 15
VisualStudioVersion = 15.0.27428.2015
MinimumVisualStudioVersion = 10.0.40219.1
Project("{FAE04EC0-301F-11D3-BF4B-00C04F79EFBC}") = "EnrollmentApplication", "EnrollmentApplication\EnrollmentApplication.csproj", "{BA07BDD3-C50B-44D2-A6D0-D94B9B671DB0}"
EndProject
Project("{FAE04EC0-301F-11D3-BF4B-00C04F79EFBC}") = "EnrollmentApplication.Tests", "EnrollmentApplication.Tests\EnrollmentApplication.Tests.csproj", "{ABFDAF22-FF30-4F3E-8FFE-B512290E95C7}"
EndProject
Global
	GlobalSection(SolutionConfigurationPlatforms) = preSolution
		Debug|Any CPU = Debug|Any CPU
		Release|Any CPU = Release|Any CPU
	EndGlobalSection
	GlobalSection(ProjectConfigurationPlatforms) = postSolution
		{BA07BDD3-C50B-44D2-A6D0-D94B9B671DB0}.Debug|Any CPU.ActiveCfg = Debug|Any CPU
		{BA07BDD3-C50B-44D2-A6D0-D94B9B671DB0}.Debug|Any CPU.Build.0 = Debug|Any CPU
		{BA07BDD3-C50B-44D2-A6D0-D94B9B671DB0}.Release|Any CPU.ActiveCfg = Release|Any CPU
		{BA07BDD3-C50B-44D2-A6D0-D94B9B671DB0}.Release|Any CPU.Build.0 = Release|Any CPU
		{ABFDAF22-FF30-4F3E-8FFE-B512290E95C7}.Debug|Any CPU.ActiveCfg = Debug|Any CPU
		{ABFDAF22-FF30-4F3E-8FFE-B512290E95C7}.Debug|Any CPU.Build.0 = Debug|Any CPU
		{ABFDAF22-FF30-4F3E-8FFE-B512290E95C7}.Release|Any CPU.ActiveCfg = Release|Any CPU
		{ABFDAF22-FF30-4F3E-8FFE-B512290E95C7}.Release|Any CPU.Build.0 = Release|Any CPU
	EndGlobalSection
	GlobalSection(SolutionProperties) = preSolution
		HideSolutionNode = FALSE
	EndGlobalSection
	GlobalSection(ExtensibilityGlobals) = postSolution
		SolutionGuid = {00C0BC83-7F1F-474D-9838-699A681FB7CB}
	EndGlobalSection
EndGlobal
