
Microsoft Visual Studio Solution File, Format Version 12.00
# Visual Studio 15
VisualStudioVersion = 15.0.28010.2046
MinimumVisualStudioVersion = 10.0.40219.1
Project("{FAE04EC0-301F-11D3-BF4B-00C04F79EFBC}") = "MVC_WebApplication", "MVC_WebApplication\MVC_WebApplication.csproj", "{4E041627-D6E9-4AF7-9FBC-268B58510545}"
EndProject
Global
	GlobalSection(SolutionConfigurationPlatforms) = preSolution
		Debug|Any CPU = Debug|Any CPU
		Release|Any CPU = Release|Any CPU
	EndGlobalSection
	GlobalSection(ProjectConfigurationPlatforms) = postSolution
		{4E041627-D6E9-4AF7-9FBC-268B58510545}.Debug|Any CPU.ActiveCfg = Debug|Any CPU
		{4E041627-D6E9-4AF7-9FBC-268B58510545}.Debug|Any CPU.Build.0 = Debug|Any CPU
		{4E041627-D6E9-4AF7-9FBC-268B58510545}.Release|Any CPU.ActiveCfg = Release|Any CPU
		{4E041627-D6E9-4AF7-9FBC-268B58510545}.Release|Any CPU.Build.0 = Release|Any CPU
	EndGlobalSection
	GlobalSection(SolutionProperties) = preSolution
		HideSolutionNode = FALSE
	EndGlobalSection
	GlobalSection(ExtensibilityGlobals) = postSolution
		SolutionGuid = {D50CF820-8AD2-495F-BD7C-60BA8C2AEBF3}
	EndGlobalSection
EndGlobal
